
Microsoft Visual Studio Solution File, Format Version 12.00
# Visual Studio Version 17
VisualStudioVersion = 17.7.34003.232
MinimumVisualStudioVersion = 10.0.40219.1
Project("{9A19103F-16F7-4668-BE54-9A1E7A4F7556}") = "ClassLibrary", "ClassLibrary\ClassLibrary.csproj", "{2BA46AC8-BE0D-4EC7-AB85-B11D2A48EE65}"
EndProject
Project("{FAE04EC0-301F-11D3-BF4B-00C04F79EFBC}") = "WinForms", "WinForms\WinForms.csproj", "{C7C3EADA-C510-477C-A097-064D688F4F97}"
EndProject
Project("{FAE04EC0-301F-11D3-BF4B-00C04F79EFBC}") = "WPF", "WPF\WPF.csproj", "{AEF0FFBC-7240-4F4D-B2C6-26E263153F5C}"
EndProject
Global
	GlobalSection(SolutionConfigurationPlatforms) = preSolution
		Debug|Any CPU = Debug|Any CPU
		Release|Any CPU = Release|Any CPU
	EndGlobalSection
	GlobalSection(ProjectConfigurationPlatforms) = postSolution
		{2BA46AC8-BE0D-4EC7-AB85-B11D2A48EE65}.Debug|Any CPU.ActiveCfg = Debug|Any CPU
		{2BA46AC8-BE0D-4EC7-AB85-B11D2A48EE65}.Debug|Any CPU.Build.0 = Debug|Any CPU
		{2BA46AC8-BE0D-4EC7-AB85-B11D2A48EE65}.Release|Any CPU.ActiveCfg = Release|Any CPU
		{2BA46AC8-BE0D-4EC7-AB85-B11D2A48EE65}.Release|Any CPU.Build.0 = Release|Any CPU
		{C7C3EADA-C510-477C-A097-064D688F4F97}.Debug|Any CPU.ActiveCfg = Debug|Any CPU
		{C7C3EADA-C510-477C-A097-064D688F4F97}.Debug|Any CPU.Build.0 = Debug|Any CPU
		{C7C3EADA-C510-477C-A097-064D688F4F97}.Release|Any CPU.ActiveCfg = Release|Any CPU
		{C7C3EADA-C510-477C-A097-064D688F4F97}.Release|Any CPU.Build.0 = Release|Any CPU
		{AEF0FFBC-7240-4F4D-B2C6-26E263153F5C}.Debug|Any CPU.ActiveCfg = Debug|Any CPU
		{AEF0FFBC-7240-4F4D-B2C6-26E263153F5C}.Debug|Any CPU.Build.0 = Debug|Any CPU
		{AEF0FFBC-7240-4F4D-B2C6-26E263153F5C}.Release|Any CPU.ActiveCfg = Release|Any CPU
		{AEF0FFBC-7240-4F4D-B2C6-26E263153F5C}.Release|Any CPU.Build.0 = Release|Any CPU
	EndGlobalSection
	GlobalSection(SolutionProperties) = preSolution
		HideSolutionNode = FALSE
	EndGlobalSection
	GlobalSection(ExtensibilityGlobals) = postSolution
		SolutionGuid = {8A688107-1878-4D35-A068-171C0C1BFAF0}
	EndGlobalSection
EndGlobal
